
Microsoft Visual Studio Solution File, Format Version 12.00
# Visual Studio 15
VisualStudioVersion = 15.0.26124.0
MinimumVisualStudioVersion = 15.0.26124.0
Project("{FAE04EC0-301F-11D3-BF4B-00C04F79EFBC}") = "Domain", "Domain\Domain.csproj", "{A597BF4A-B164-4638-B44D-2C8099535DF5}"
EndProject
Project("{FAE04EC0-301F-11D3-BF4B-00C04F79EFBC}") = "Persistence", "Persistence\Persistence.csproj", "{F064B5CF-6D71-4D03-A09B-BD66E25A37B5}"
EndProject
Project("{FAE04EC0-301F-11D3-BF4B-00C04F79EFBC}") = "Application", "Application\Application.csproj", "{A3A4FE1C-A6D6-4116-B3E3-8AC0C0AF6252}"
EndProject
Project("{FAE04EC0-301F-11D3-BF4B-00C04F79EFBC}") = "API", "API\API.csproj", "{0FE660C6-705F-4FBB-BD0D-EDB8DB6F3F07}"
EndProject
Global
	GlobalSection(SolutionConfigurationPlatforms) = preSolution
		Debug|Any CPU = Debug|Any CPU
		Debug|x64 = Debug|x64
		Debug|x86 = Debug|x86
		Release|Any CPU = Release|Any CPU
		Release|x64 = Release|x64
		Release|x86 = Release|x86
	EndGlobalSection
	GlobalSection(SolutionProperties) = preSolution
		HideSolutionNode = FALSE
	EndGlobalSection
	GlobalSection(ProjectConfigurationPlatforms) = postSolution
		{A597BF4A-B164-4638-B44D-2C8099535DF5}.Debug|Any CPU.ActiveCfg = Debug|Any CPU
		{A597BF4A-B164-4638-B44D-2C8099535DF5}.Debug|Any CPU.Build.0 = Debug|Any CPU
		{A597BF4A-B164-4638-B44D-2C8099535DF5}.Debug|x64.ActiveCfg = Debug|Any CPU
		{A597BF4A-B164-4638-B44D-2C8099535DF5}.Debug|x64.Build.0 = Debug|Any CPU
		{A597BF4A-B164-4638-B44D-2C8099535DF5}.Debug|x86.ActiveCfg = Debug|Any CPU
		{A597BF4A-B164-4638-B44D-2C8099535DF5}.Debug|x86.Build.0 = Debug|Any CPU
		{A597BF4A-B164-4638-B44D-2C8099535DF5}.Release|Any CPU.ActiveCfg = Release|Any CPU
		{A597BF4A-B164-4638-B44D-2C8099535DF5}.Release|Any CPU.Build.0 = Release|Any CPU
		{A597BF4A-B164-4638-B44D-2C8099535DF5}.Release|x64.ActiveCfg = Release|Any CPU
		{A597BF4A-B164-4638-B44D-2C8099535DF5}.Release|x64.Build.0 = Release|Any CPU
		{A597BF4A-B164-4638-B44D-2C8099535DF5}.Release|x86.ActiveCfg = Release|Any CPU
		{A597BF4A-B164-4638-B44D-2C8099535DF5}.Release|x86.Build.0 = Release|Any CPU
		{F064B5CF-6D71-4D03-A09B-BD66E25A37B5}.Debug|Any CPU.ActiveCfg = Debug|Any CPU
		{F064B5CF-6D71-4D03-A09B-BD66E25A37B5}.Debug|Any CPU.Build.0 = Debug|Any CPU
		{F064B5CF-6D71-4D03-A09B-BD66E25A37B5}.Debug|x64.ActiveCfg = Debug|Any CPU
		{F064B5CF-6D71-4D03-A09B-BD66E25A37B5}.Debug|x64.Build.0 = Debug|Any CPU
		{F064B5CF-6D71-4D03-A09B-BD66E25A37B5}.Debug|x86.ActiveCfg = Debug|Any CPU
		{F064B5CF-6D71-4D03-A09B-BD66E25A37B5}.Debug|x86.Build.0 = Debug|Any CPU
		{F064B5CF-6D71-4D03-A09B-BD66E25A37B5}.Release|Any CPU.ActiveCfg = Release|Any CPU
		{F064B5CF-6D71-4D03-A09B-BD66E25A37B5}.Release|Any CPU.Build.0 = Release|Any CPU
		{F064B5CF-6D71-4D03-A09B-BD66E25A37B5}.Release|x64.ActiveCfg = Release|Any CPU
		{F064B5CF-6D71-4D03-A09B-BD66E25A37B5}.Release|x64.Build.0 = Release|Any CPU
		{F064B5CF-6D71-4D03-A09B-BD66E25A37B5}.Release|x86.ActiveCfg = Release|Any CPU
		{F064B5CF-6D71-4D03-A09B-BD66E25A37B5}.Release|x86.Build.0 = Release|Any CPU
		{A3A4FE1C-A6D6-4116-B3E3-8AC0C0AF6252}.Debug|Any CPU.ActiveCfg = Debug|Any CPU
		{A3A4FE1C-A6D6-4116-B3E3-8AC0C0AF6252}.Debug|Any CPU.Build.0 = Debug|Any CPU
		{A3A4FE1C-A6D6-4116-B3E3-8AC0C0AF6252}.Debug|x64.ActiveCfg = Debug|Any CPU
		{A3A4FE1C-A6D6-4116-B3E3-8AC0C0AF6252}.Debug|x64.Build.0 = Debug|Any CPU
		{A3A4FE1C-A6D6-4116-B3E3-8AC0C0AF6252}.Debug|x86.ActiveCfg = Debug|Any CPU
		{A3A4FE1C-A6D6-4116-B3E3-8AC0C0AF6252}.Debug|x86.Build.0 = Debug|Any CPU
		{A3A4FE1C-A6D6-4116-B3E3-8AC0C0AF6252}.Release|Any CPU.ActiveCfg = Release|Any CPU
		{A3A4FE1C-A6D6-4116-B3E3-8AC0C0AF6252}.Release|Any CPU.Build.0 = Release|Any CPU
		{A3A4FE1C-A6D6-4116-B3E3-8AC0C0AF6252}.Release|x64.ActiveCfg = Release|Any CPU
		{A3A4FE1C-A6D6-4116-B3E3-8AC0C0AF6252}.Release|x64.Build.0 = Release|Any CPU
		{A3A4FE1C-A6D6-4116-B3E3-8AC0C0AF6252}.Release|x86.ActiveCfg = Release|Any CPU
		{A3A4FE1C-A6D6-4116-B3E3-8AC0C0AF6252}.Release|x86.Build.0 = Release|Any CPU
		{0FE660C6-705F-4FBB-BD0D-EDB8DB6F3F07}.Debug|Any CPU.ActiveCfg = Debug|Any CPU
		{0FE660C6-705F-4FBB-BD0D-EDB8DB6F3F07}.Debug|Any CPU.Build.0 = Debug|Any CPU
		{0FE660C6-705F-4FBB-BD0D-EDB8DB6F3F07}.Debug|x64.ActiveCfg = Debug|Any CPU
		{0FE660C6-705F-4FBB-BD0D-EDB8DB6F3F07}.Debug|x64.Build.0 = Debug|Any CPU
		{0FE660C6-705F-4FBB-BD0D-EDB8DB6F3F07}.Debug|x86.ActiveCfg = Debug|Any CPU
		{0FE660C6-705F-4FBB-BD0D-EDB8DB6F3F07}.Debug|x86.Build.0 = Debug|Any CPU
		{0FE660C6-705F-4FBB-BD0D-EDB8DB6F3F07}.Release|Any CPU.ActiveCfg = Release|Any CPU
		{0FE660C6-705F-4FBB-BD0D-EDB8DB6F3F07}.Release|Any CPU.Build.0 = Release|Any CPU
		{0FE660C6-705F-4FBB-BD0D-EDB8DB6F3F07}.Release|x64.ActiveCfg = Release|Any CPU
		{0FE660C6-705F-4FBB-BD0D-EDB8DB6F3F07}.Release|x64.Build.0 = Release|Any CPU
		{0FE660C6-705F-4FBB-BD0D-EDB8DB6F3F07}.Release|x86.ActiveCfg = Release|Any CPU
		{0FE660C6-705F-4FBB-BD0D-EDB8DB6F3F07}.Release|x86.Build.0 = Release|Any CPU
	EndGlobalSection
EndGlobal
